
Microsoft Visual Studio Solution File, Format Version 12.00
# Visual Studio Version 17
VisualStudioVersion = 17.14.35906.104 d17.14
MinimumVisualStudioVersion = 10.0.40219.1
Project("{FAE04EC0-301F-11D3-BF4B-00C04F79EFBC}") = "loginpage", "loginpage\loginpage.csproj", "{B51EA82C-F6B8-4D82-A770-832DBC5BF6AD}"
EndProject
Global
	GlobalSection(SolutionConfigurationPlatforms) = preSolution
		Debug|Any CPU = Debug|Any CPU
		Release|Any CPU = Release|Any CPU
	EndGlobalSection
	GlobalSection(ProjectConfigurationPlatforms) = postSolution
		{B51EA82C-F6B8-4D82-A770-832DBC5BF6AD}.Debug|Any CPU.ActiveCfg = Debug|Any CPU
		{B51EA82C-F6B8-4D82-A770-832DBC5BF6AD}.Debug|Any CPU.Build.0 = Debug|Any CPU
		{B51EA82C-F6B8-4D82-A770-832DBC5BF6AD}.Release|Any CPU.ActiveCfg = Release|Any CPU
		{B51EA82C-F6B8-4D82-A770-832DBC5BF6AD}.Release|Any CPU.Build.0 = Release|Any CPU
	EndGlobalSection
	GlobalSection(SolutionProperties) = preSolution
		HideSolutionNode = FALSE
	EndGlobalSection
	GlobalSection(ExtensibilityGlobals) = postSolution
		SolutionGuid = {6A4C08AB-C34A-4157-822E-65D94AE8528B}
	EndGlobalSection
EndGlobal
